
Microsoft Visual Studio Solution File, Format Version 12.00
# Visual Studio 15
VisualStudioVersion = 15.0.28307.1082
MinimumVisualStudioVersion = 10.0.40219.1
Project("{FAE04EC0-301F-11D3-BF4B-00C04F79EFBC}") = "QAHelper", "QAHelper.csproj", "{D9322ADD-F256-4B2B-9AEA-005AE16AC8D3}"
EndProject
Global
	GlobalSection(SolutionConfigurationPlatforms) = preSolution
		Debug|Any CPU = Debug|Any CPU
		Release|Any CPU = Release|Any CPU
	EndGlobalSection
	GlobalSection(ProjectConfigurationPlatforms) = postSolution
		{D9322ADD-F256-4B2B-9AEA-005AE16AC8D3}.Debug|Any CPU.ActiveCfg = Debug|Any CPU
		{D9322ADD-F256-4B2B-9AEA-005AE16AC8D3}.Debug|Any CPU.Build.0 = Debug|Any CPU
		{D9322ADD-F256-4B2B-9AEA-005AE16AC8D3}.Release|Any CPU.ActiveCfg = Release|Any CPU
		{D9322ADD-F256-4B2B-9AEA-005AE16AC8D3}.Release|Any CPU.Build.0 = Release|Any CPU
	EndGlobalSection
	GlobalSection(SolutionProperties) = preSolution
		HideSolutionNode = FALSE
	EndGlobalSection
	GlobalSection(ExtensibilityGlobals) = postSolution
		SolutionGuid = {4AF77DCD-CF79-46D4-83ED-85A76EF77F1E}
	EndGlobalSection
EndGlobal
